{
  "name": "dcl-project",
  "version": "1.0.0",
  "lockfileVersion": 1,
  "requires": true,
  "dependencies": {
    "commander": {
      "version": "2.20.0",
      "resolved": "https://registry.npmjs.org/commander/-/commander-2.20.0.tgz",
      "integrity": "sha512-7j2y+40w61zy6YC2iRNpUe/NwhNyoXrYpHMrSunaMG64nRnaf96zO/KMQR4OyN/UnE5KLyEBnKHd4aG3rskjpQ==",
      "dev": true
    },
    "decentraland": {
      "version": "3.2.7-20190919135901.commit-4f347f6",
      "resolved": "https://registry.npmjs.org/decentraland/-/decentraland-3.2.7-20190919135901.commit-4f347f6.tgz",
      "integrity": "sha512-smRo4L5M7LTyq3SFzF0v2fJXXXcBXpGIr6+rEsbVfq2EQKvmiQ3llZj3D6M8n47iL9nl2/psr7FZdI87CKr1xg=="
    },
    "decentraland-ecs": {
      "version": "6.4.2-20190924210902.commit-33a18e9",
      "resolved": "https://registry.npmjs.org/decentraland-ecs/-/decentraland-ecs-6.4.2-20190924210902.commit-33a18e9.tgz",
      "integrity": "sha512-DmYLfQcMHnEnJ70D8tWT646arcrwIIUnBOAvyTWLsGxwvLuj0rNIDLrSl5YfyDys5ezC4c1Pdh+b0yo7U+AosQ==",
      "dev": true,
      "requires": {
        "typescript": "^3.4.5",
        "uglify-js": "^3.5.2"
      }
    },
    "decentraland-ecs-utils": {
      "version": "1.1.3",
      "resolved": "https://registry.npmjs.org/decentraland-ecs-utils/-/decentraland-ecs-utils-1.1.3.tgz",
      "integrity": "sha512-JZ9F0s6+6a4UKjRFojQtuRIDOseo4i03rb9f0fXtXXtV6ESAnIdsu3qri8k8RHbPMEoyXmqZH6kc7k0jpGPGQA=="
    },
    "source-map": {
      "version": "0.6.1",
      "resolved": "https://registry.npmjs.org/source-map/-/source-map-0.6.1.tgz",
      "integrity": "sha512-UjgapumWlbMhkBgzT7Ykc5YXUT46F0iKu8SGXq0bcwP5dz/h0Plj6enJqjz1Zbq2l5WaqYnrVbwWOWMyF3F47g==",
      "dev": true
    },
    "typescript": {
      "version": "3.6.3",
      "resolved": "https://registry.npmjs.org/typescript/-/typescript-3.6.3.tgz",
      "integrity": "sha512-N7bceJL1CtRQ2RiG0AQME13ksR7DiuQh/QehubYcghzv20tnh+MQnQIuJddTmsbqYj+dztchykemz0zFzlvdQw==",
      "dev": true
    },
    "uglify-js": {
      "version": "3.6.0",
      "resolved": "https://registry.npmjs.org/uglify-js/-/uglify-js-3.6.0.tgz",
      "integrity": "sha512-W+jrUHJr3DXKhrsS7NUVxn3zqMOFn0hL/Ei6v0anCIMoKC93TjcflTagwIHLW7SfMFfiQuktQyFVCFHGUE0+yg==",
      "dev": true,
      "requires": {
        "commander": "~2.20.0",
        "source-map": "~0.6.1"
      }
    }
  }
}
